
Microsoft Visual Studio Solution File, Format Version 12.00
# Visual Studio Version 16
VisualStudioVersion = 16.0.31613.86
MinimumVisualStudioVersion = 10.0.40219.1
Project("{FAE04EC0-301F-11D3-BF4B-00C04F79EFBC}") = "ConnectionSim", "ConnectionSim\ConnectionSim.csproj", "{8D9E369D-29E1-430A-A43E-4597616EA97A}"
EndProject
Global
	GlobalSection(SolutionConfigurationPlatforms) = preSolution
		Debug|Any CPU = Debug|Any CPU
		Debug|x64 = Debug|x64
		Release|Any CPU = Release|Any CPU
		Release|x64 = Release|x64
	EndGlobalSection
	GlobalSection(ProjectConfigurationPlatforms) = postSolution
		{8D9E369D-29E1-430A-A43E-4597616EA97A}.Debug|Any CPU.ActiveCfg = Debug|Any CPU
		{8D9E369D-29E1-430A-A43E-4597616EA97A}.Debug|Any CPU.Build.0 = Debug|Any CPU
		{8D9E369D-29E1-430A-A43E-4597616EA97A}.Debug|x64.ActiveCfg = Debug|x64
		{8D9E369D-29E1-430A-A43E-4597616EA97A}.Debug|x64.Build.0 = Debug|x64
		{8D9E369D-29E1-430A-A43E-4597616EA97A}.Release|Any CPU.ActiveCfg = Release|Any CPU
		{8D9E369D-29E1-430A-A43E-4597616EA97A}.Release|Any CPU.Build.0 = Release|Any CPU
		{8D9E369D-29E1-430A-A43E-4597616EA97A}.Release|x64.ActiveCfg = Release|x64
		{8D9E369D-29E1-430A-A43E-4597616EA97A}.Release|x64.Build.0 = Release|x64
	EndGlobalSection
	GlobalSection(SolutionProperties) = preSolution
		HideSolutionNode = FALSE
	EndGlobalSection
	GlobalSection(ExtensibilityGlobals) = postSolution
		SolutionGuid = {0A8748AF-55FA-4ADB-A72A-987F3B6DEA01}
	EndGlobalSection
EndGlobal
